
Microsoft Visual Studio Solution File, Format Version 12.00
# Visual Studio Version 17
VisualStudioVersion = 17.1.32414.318
MinimumVisualStudioVersion = 10.0.40219.1
Project("{FAE04EC0-301F-11D3-BF4B-00C04F79EFBC}") = "Cotizadora", "Cotizadora\Cotizadora.csproj", "{21862165-0F2D-4DD8-895E-BE62BB9AB846}"
EndProject
Global
	GlobalSection(SolutionConfigurationPlatforms) = preSolution
		Debug|Any CPU = Debug|Any CPU
		Release|Any CPU = Release|Any CPU
	EndGlobalSection
	GlobalSection(ProjectConfigurationPlatforms) = postSolution
		{21862165-0F2D-4DD8-895E-BE62BB9AB846}.Debug|Any CPU.ActiveCfg = Debug|Any CPU
		{21862165-0F2D-4DD8-895E-BE62BB9AB846}.Debug|Any CPU.Build.0 = Debug|Any CPU
		{21862165-0F2D-4DD8-895E-BE62BB9AB846}.Release|Any CPU.ActiveCfg = Release|Any CPU
		{21862165-0F2D-4DD8-895E-BE62BB9AB846}.Release|Any CPU.Build.0 = Release|Any CPU
	EndGlobalSection
	GlobalSection(SolutionProperties) = preSolution
		HideSolutionNode = FALSE
	EndGlobalSection
	GlobalSection(ExtensibilityGlobals) = postSolution
		SolutionGuid = {DEE57AA6-E67B-445B-B1EC-8CDFC67BF08A}
	EndGlobalSection
EndGlobal
